
Microsoft Visual Studio Solution File, Format Version 12.00
# Visual Studio 2013
VisualStudioVersion = 12.0.40629.0
MinimumVisualStudioVersion = 10.0.40219.1
Project("{FAE04EC0-301F-11D3-BF4B-00C04F79EFBC}") = "RabbitMQ.WCF.Client", "RabbitMQ.WCF.Client\RabbitMQ.WCF.Client.csproj", "{3F018398-8D8A-478F-9A4A-A450F545DAAD}"
EndProject
Project("{FAE04EC0-301F-11D3-BF4B-00C04F79EFBC}") = "MessageCreator", "MessageCreator\MessageCreator.csproj", "{C5643459-1A45-47DF-BEC8-787B0B89E91C}"
EndProject
Project("{FAE04EC0-301F-11D3-BF4B-00C04F79EFBC}") = "MessageReceiver", "MessageReceiver\MessageReceiver.csproj", "{A8FA08CB-13B9-4A16-B910-09786EE26935}"
EndProject
Project("{FAE04EC0-301F-11D3-BF4B-00C04F79EFBC}") = "RabbitMQ.WCF.ConsoleHost", "RabbitMQ.WCF.ConsoleHost\RabbitMQ.WCF.ConsoleHost.csproj", "{58A669F2-CF6F-4B6E-B63D-CAED91363AE5}"
EndProject
Project("{FAE04EC0-301F-11D3-BF4B-00C04F79EFBC}") = "RabbitMQ.WCF.Server", "RabbitMQ.WCF.Server\RabbitMQ.WCF.Server.csproj", "{6C5C3D38-7CBD-41F0-AC8F-CB47CB94FE81}"
EndProject
Project("{2150E333-8FDC-42A3-9474-1A3956D46DE8}") = "01 - RabbitMQ.NET", "01 - RabbitMQ.NET", "{19F0654A-B898-41FF-81DF-7B4685EB667E}"
EndProject
Project("{2150E333-8FDC-42A3-9474-1A3956D46DE8}") = "02 - RabbitMQ.WCF", "02 - RabbitMQ.WCF", "{B0C1FE71-869C-4E2C-9EC6-89DBFEACD6AD}"
EndProject
Project("{2150E333-8FDC-42A3-9474-1A3956D46DE8}") = "03 - RabbitMQ.Transaction", "03 - RabbitMQ.Transaction", "{A7E19464-3897-420F-9131-E142CE1909EB}"
EndProject
Project("{FAE04EC0-301F-11D3-BF4B-00C04F79EFBC}") = "RabbitMQ.Transaction.AppService", "RabbitMQ.Transaction.AppService\RabbitMQ.Transaction.AppService.csproj", "{95ECAE00-630F-4F58-A95A-0C22E800AC2D}"
EndProject
Project("{FAE04EC0-301F-11D3-BF4B-00C04F79EFBC}") = "RabbitMQ.Transaction.Client", "RabbitMQ.Transaction.Client\RabbitMQ.Transaction.Client.csproj", "{5859D568-4DE8-4AD6-9484-6C40C44FE53E}"
EndProject
Project("{2150E333-8FDC-42A3-9474-1A3956D46DE8}") = "00 - RabbitMQ.ServiceModel", "00 - RabbitMQ.ServiceModel", "{CBC1A320-BF4A-491A-9062-01FE7C728ACE}"
EndProject
Project("{FAE04EC0-301F-11D3-BF4B-00C04F79EFBC}") = "RabbitMQ.ServiceModel.LoadBalance", "RabbitMQ.ServiceModel.LoadBalance\RabbitMQ.ServiceModel.LoadBalance.csproj", "{5117232B-EE07-46F8-8AF5-2B636F1DBF56}"
EndProject
Global
	GlobalSection(SolutionConfigurationPlatforms) = preSolution
		Debug|Any CPU = Debug|Any CPU
		Release|Any CPU = Release|Any CPU
	EndGlobalSection
	GlobalSection(ProjectConfigurationPlatforms) = postSolution
		{3F018398-8D8A-478F-9A4A-A450F545DAAD}.Debug|Any CPU.ActiveCfg = Debug|Any CPU
		{3F018398-8D8A-478F-9A4A-A450F545DAAD}.Debug|Any CPU.Build.0 = Debug|Any CPU
		{3F018398-8D8A-478F-9A4A-A450F545DAAD}.Release|Any CPU.ActiveCfg = Release|Any CPU
		{3F018398-8D8A-478F-9A4A-A450F545DAAD}.Release|Any CPU.Build.0 = Release|Any CPU
		{C5643459-1A45-47DF-BEC8-787B0B89E91C}.Debug|Any CPU.ActiveCfg = Debug|Any CPU
		{C5643459-1A45-47DF-BEC8-787B0B89E91C}.Debug|Any CPU.Build.0 = Debug|Any CPU
		{C5643459-1A45-47DF-BEC8-787B0B89E91C}.Release|Any CPU.ActiveCfg = Release|Any CPU
		{C5643459-1A45-47DF-BEC8-787B0B89E91C}.Release|Any CPU.Build.0 = Release|Any CPU
		{A8FA08CB-13B9-4A16-B910-09786EE26935}.Debug|Any CPU.ActiveCfg = Debug|Any CPU
		{A8FA08CB-13B9-4A16-B910-09786EE26935}.Debug|Any CPU.Build.0 = Debug|Any CPU
		{A8FA08CB-13B9-4A16-B910-09786EE26935}.Release|Any CPU.ActiveCfg = Release|Any CPU
		{A8FA08CB-13B9-4A16-B910-09786EE26935}.Release|Any CPU.Build.0 = Release|Any CPU
		{58A669F2-CF6F-4B6E-B63D-CAED91363AE5}.Debug|Any CPU.ActiveCfg = Debug|Any CPU
		{58A669F2-CF6F-4B6E-B63D-CAED91363AE5}.Debug|Any CPU.Build.0 = Debug|Any CPU
		{58A669F2-CF6F-4B6E-B63D-CAED91363AE5}.Release|Any CPU.ActiveCfg = Release|Any CPU
		{58A669F2-CF6F-4B6E-B63D-CAED91363AE5}.Release|Any CPU.Build.0 = Release|Any CPU
		{6C5C3D38-7CBD-41F0-AC8F-CB47CB94FE81}.Debug|Any CPU.ActiveCfg = Debug|Any CPU
		{6C5C3D38-7CBD-41F0-AC8F-CB47CB94FE81}.Debug|Any CPU.Build.0 = Debug|Any CPU
		{6C5C3D38-7CBD-41F0-AC8F-CB47CB94FE81}.Release|Any CPU.ActiveCfg = Release|Any CPU
		{6C5C3D38-7CBD-41F0-AC8F-CB47CB94FE81}.Release|Any CPU.Build.0 = Release|Any CPU
		{95ECAE00-630F-4F58-A95A-0C22E800AC2D}.Debug|Any CPU.ActiveCfg = Debug|Any CPU
		{95ECAE00-630F-4F58-A95A-0C22E800AC2D}.Debug|Any CPU.Build.0 = Debug|Any CPU
		{95ECAE00-630F-4F58-A95A-0C22E800AC2D}.Release|Any CPU.ActiveCfg = Release|Any CPU
		{95ECAE00-630F-4F58-A95A-0C22E800AC2D}.Release|Any CPU.Build.0 = Release|Any CPU
		{5859D568-4DE8-4AD6-9484-6C40C44FE53E}.Debug|Any CPU.ActiveCfg = Debug|Any CPU
		{5859D568-4DE8-4AD6-9484-6C40C44FE53E}.Debug|Any CPU.Build.0 = Debug|Any CPU
		{5859D568-4DE8-4AD6-9484-6C40C44FE53E}.Release|Any CPU.ActiveCfg = Release|Any CPU
		{5859D568-4DE8-4AD6-9484-6C40C44FE53E}.Release|Any CPU.Build.0 = Release|Any CPU
		{5117232B-EE07-46F8-8AF5-2B636F1DBF56}.Debug|Any CPU.ActiveCfg = Debug|Any CPU
		{5117232B-EE07-46F8-8AF5-2B636F1DBF56}.Debug|Any CPU.Build.0 = Debug|Any CPU
		{5117232B-EE07-46F8-8AF5-2B636F1DBF56}.Release|Any CPU.ActiveCfg = Release|Any CPU
		{5117232B-EE07-46F8-8AF5-2B636F1DBF56}.Release|Any CPU.Build.0 = Release|Any CPU
	EndGlobalSection
	GlobalSection(SolutionProperties) = preSolution
		HideSolutionNode = FALSE
	EndGlobalSection
	GlobalSection(NestedProjects) = preSolution
		{3F018398-8D8A-478F-9A4A-A450F545DAAD} = {B0C1FE71-869C-4E2C-9EC6-89DBFEACD6AD}
		{C5643459-1A45-47DF-BEC8-787B0B89E91C} = {19F0654A-B898-41FF-81DF-7B4685EB667E}
		{A8FA08CB-13B9-4A16-B910-09786EE26935} = {19F0654A-B898-41FF-81DF-7B4685EB667E}
		{58A669F2-CF6F-4B6E-B63D-CAED91363AE5} = {B0C1FE71-869C-4E2C-9EC6-89DBFEACD6AD}
		{6C5C3D38-7CBD-41F0-AC8F-CB47CB94FE81} = {B0C1FE71-869C-4E2C-9EC6-89DBFEACD6AD}
		{95ECAE00-630F-4F58-A95A-0C22E800AC2D} = {A7E19464-3897-420F-9131-E142CE1909EB}
		{5859D568-4DE8-4AD6-9484-6C40C44FE53E} = {A7E19464-3897-420F-9131-E142CE1909EB}
		{5117232B-EE07-46F8-8AF5-2B636F1DBF56} = {CBC1A320-BF4A-491A-9062-01FE7C728ACE}
	EndGlobalSection
EndGlobal
