
Microsoft Visual Studio Solution File, Format Version 12.00
# Visual Studio 15
VisualStudioVersion = 15.0.28307.1231
MinimumVisualStudioVersion = 10.0.40219.1
Project("{FAE04EC0-301F-11D3-BF4B-00C04F79EFBC}") = "RabbitMQ.WCF.Client", "RabbitMQ.WCF.Client\RabbitMQ.WCF.Client.csproj", "{3F018398-8D8A-478F-9A4A-A450F545DAAD}"
EndProject
Project("{FAE04EC0-301F-11D3-BF4B-00C04F79EFBC}") = "RabbitMQ.WCF.Host", "RabbitMQ.WCF.Host\RabbitMQ.WCF.Host.csproj", "{58A669F2-CF6F-4B6E-B63D-CAED91363AE5}"
EndProject
Project("{FAE04EC0-301F-11D3-BF4B-00C04F79EFBC}") = "RabbitMQ.WCF.Service", "RabbitMQ.WCF.Service\RabbitMQ.WCF.Service.csproj", "{6C5C3D38-7CBD-41F0-AC8F-CB47CB94FE81}"
EndProject
Project("{2150E333-8FDC-42A3-9474-1A3956D46DE8}") = "01 - Server", "01 - Server", "{B0C1FE71-869C-4E2C-9EC6-89DBFEACD6AD}"
EndProject
Project("{2150E333-8FDC-42A3-9474-1A3956D46DE8}") = "02 - Client", "02 - Client", "{E8E8377D-71EF-4E60-86AD-EE080CE5FDDC}"
EndProject
Global
	GlobalSection(SolutionConfigurationPlatforms) = preSolution
		Debug|Any CPU = Debug|Any CPU
		Release|Any CPU = Release|Any CPU
	EndGlobalSection
	GlobalSection(ProjectConfigurationPlatforms) = postSolution
		{3F018398-8D8A-478F-9A4A-A450F545DAAD}.Debug|Any CPU.ActiveCfg = Debug|Any CPU
		{3F018398-8D8A-478F-9A4A-A450F545DAAD}.Debug|Any CPU.Build.0 = Debug|Any CPU
		{3F018398-8D8A-478F-9A4A-A450F545DAAD}.Release|Any CPU.ActiveCfg = Release|Any CPU
		{3F018398-8D8A-478F-9A4A-A450F545DAAD}.Release|Any CPU.Build.0 = Release|Any CPU
		{58A669F2-CF6F-4B6E-B63D-CAED91363AE5}.Debug|Any CPU.ActiveCfg = Debug|Any CPU
		{58A669F2-CF6F-4B6E-B63D-CAED91363AE5}.Debug|Any CPU.Build.0 = Debug|Any CPU
		{58A669F2-CF6F-4B6E-B63D-CAED91363AE5}.Release|Any CPU.ActiveCfg = Release|Any CPU
		{58A669F2-CF6F-4B6E-B63D-CAED91363AE5}.Release|Any CPU.Build.0 = Release|Any CPU
		{6C5C3D38-7CBD-41F0-AC8F-CB47CB94FE81}.Debug|Any CPU.ActiveCfg = Debug|Any CPU
		{6C5C3D38-7CBD-41F0-AC8F-CB47CB94FE81}.Debug|Any CPU.Build.0 = Debug|Any CPU
		{6C5C3D38-7CBD-41F0-AC8F-CB47CB94FE81}.Release|Any CPU.ActiveCfg = Release|Any CPU
		{6C5C3D38-7CBD-41F0-AC8F-CB47CB94FE81}.Release|Any CPU.Build.0 = Release|Any CPU
	EndGlobalSection
	GlobalSection(SolutionProperties) = preSolution
		HideSolutionNode = FALSE
	EndGlobalSection
	GlobalSection(NestedProjects) = preSolution
		{3F018398-8D8A-478F-9A4A-A450F545DAAD} = {E8E8377D-71EF-4E60-86AD-EE080CE5FDDC}
		{58A669F2-CF6F-4B6E-B63D-CAED91363AE5} = {B0C1FE71-869C-4E2C-9EC6-89DBFEACD6AD}
		{6C5C3D38-7CBD-41F0-AC8F-CB47CB94FE81} = {B0C1FE71-869C-4E2C-9EC6-89DBFEACD6AD}
	EndGlobalSection
	GlobalSection(ExtensibilityGlobals) = postSolution
		SolutionGuid = {2473E5B5-CEAC-4C9C-B8AD-D62AECAB967A}
	EndGlobalSection
EndGlobal
