
Microsoft Visual Studio Solution File, Format Version 12.00
# Visual Studio Version 16
VisualStudioVersion = 16.0.31729.503
MinimumVisualStudioVersion = 10.0.40219.1
Project("{9A19103F-16F7-4668-BE54-9A1E7A4F7556}") = "RabbitMQ.WCF.Client", "src\RabbitMQ.WCF.Client\RabbitMQ.WCF.Client.csproj", "{3F018398-8D8A-478F-9A4A-A450F545DAAD}"
EndProject
Project("{2150E333-8FDC-42A3-9474-1A3956D46DE8}") = "01 - Service", "01 - Service", "{B0C1FE71-869C-4E2C-9EC6-89DBFEACD6AD}"
EndProject
Project("{2150E333-8FDC-42A3-9474-1A3956D46DE8}") = "03 - Client", "03 - Client", "{E8E8377D-71EF-4E60-86AD-EE080CE5FDDC}"
EndProject
Project("{9A19103F-16F7-4668-BE54-9A1E7A4F7556}") = "RabbitMQ.WCF.IAppService", "src\RabbitMQ.WCF.IAppService\RabbitMQ.WCF.IAppService.csproj", "{B90974B9-6938-41AF-A20A-E9C67354D139}"
EndProject
Project("{9A19103F-16F7-4668-BE54-9A1E7A4F7556}") = "RabbitMQ.WCF.AppService", "src\RabbitMQ.WCF.AppService\RabbitMQ.WCF.AppService.csproj", "{DB571814-FF5C-4700-A62D-60D1C382C3AA}"
EndProject
Project("{2150E333-8FDC-42A3-9474-1A3956D46DE8}") = "00 - Host", "00 - Host", "{13453612-5DC4-4029-9596-FB2461003994}"
EndProject
Project("{9A19103F-16F7-4668-BE54-9A1E7A4F7556}") = "RabbitMQ.WCF.AppService.Host", "src\RabbitMQ.WCF.AppService.Host\RabbitMQ.WCF.AppService.Host.csproj", "{4C48BAF3-C3A9-4D1F-B613-ABC13CAA4F73}"
EndProject
Project("{2150E333-8FDC-42A3-9474-1A3956D46DE8}") = "02 - Extensions", "02 - Extensions", "{A8C31FA9-3633-446B-8BBF-ED7F74E8835F}"
EndProject
Project("{9A19103F-16F7-4668-BE54-9A1E7A4F7556}") = "RabbitMQ.ServiceModel", "src\RabbitMQ.ServiceModel\RabbitMQ.ServiceModel.csproj", "{4A11454E-18D3-45A8-8AD4-F41CFAE2A3E5}"
EndProject
Global
	GlobalSection(SolutionConfigurationPlatforms) = preSolution
		Debug|Any CPU = Debug|Any CPU
		Release|Any CPU = Release|Any CPU
	EndGlobalSection
	GlobalSection(ProjectConfigurationPlatforms) = postSolution
		{3F018398-8D8A-478F-9A4A-A450F545DAAD}.Debug|Any CPU.ActiveCfg = Debug|Any CPU
		{3F018398-8D8A-478F-9A4A-A450F545DAAD}.Debug|Any CPU.Build.0 = Debug|Any CPU
		{3F018398-8D8A-478F-9A4A-A450F545DAAD}.Release|Any CPU.ActiveCfg = Release|Any CPU
		{3F018398-8D8A-478F-9A4A-A450F545DAAD}.Release|Any CPU.Build.0 = Release|Any CPU
		{B90974B9-6938-41AF-A20A-E9C67354D139}.Debug|Any CPU.ActiveCfg = Debug|Any CPU
		{B90974B9-6938-41AF-A20A-E9C67354D139}.Debug|Any CPU.Build.0 = Debug|Any CPU
		{B90974B9-6938-41AF-A20A-E9C67354D139}.Release|Any CPU.ActiveCfg = Release|Any CPU
		{B90974B9-6938-41AF-A20A-E9C67354D139}.Release|Any CPU.Build.0 = Release|Any CPU
		{DB571814-FF5C-4700-A62D-60D1C382C3AA}.Debug|Any CPU.ActiveCfg = Debug|Any CPU
		{DB571814-FF5C-4700-A62D-60D1C382C3AA}.Debug|Any CPU.Build.0 = Debug|Any CPU
		{DB571814-FF5C-4700-A62D-60D1C382C3AA}.Release|Any CPU.ActiveCfg = Release|Any CPU
		{DB571814-FF5C-4700-A62D-60D1C382C3AA}.Release|Any CPU.Build.0 = Release|Any CPU
		{4C48BAF3-C3A9-4D1F-B613-ABC13CAA4F73}.Debug|Any CPU.ActiveCfg = Debug|Any CPU
		{4C48BAF3-C3A9-4D1F-B613-ABC13CAA4F73}.Debug|Any CPU.Build.0 = Debug|Any CPU
		{4C48BAF3-C3A9-4D1F-B613-ABC13CAA4F73}.Release|Any CPU.ActiveCfg = Release|Any CPU
		{4C48BAF3-C3A9-4D1F-B613-ABC13CAA4F73}.Release|Any CPU.Build.0 = Release|Any CPU
		{4A11454E-18D3-45A8-8AD4-F41CFAE2A3E5}.Debug|Any CPU.ActiveCfg = Debug|Any CPU
		{4A11454E-18D3-45A8-8AD4-F41CFAE2A3E5}.Debug|Any CPU.Build.0 = Debug|Any CPU
		{4A11454E-18D3-45A8-8AD4-F41CFAE2A3E5}.Release|Any CPU.ActiveCfg = Release|Any CPU
		{4A11454E-18D3-45A8-8AD4-F41CFAE2A3E5}.Release|Any CPU.Build.0 = Release|Any CPU
	EndGlobalSection
	GlobalSection(SolutionProperties) = preSolution
		HideSolutionNode = FALSE
	EndGlobalSection
	GlobalSection(NestedProjects) = preSolution
		{3F018398-8D8A-478F-9A4A-A450F545DAAD} = {E8E8377D-71EF-4E60-86AD-EE080CE5FDDC}
		{B90974B9-6938-41AF-A20A-E9C67354D139} = {B0C1FE71-869C-4E2C-9EC6-89DBFEACD6AD}
		{DB571814-FF5C-4700-A62D-60D1C382C3AA} = {B0C1FE71-869C-4E2C-9EC6-89DBFEACD6AD}
		{4C48BAF3-C3A9-4D1F-B613-ABC13CAA4F73} = {13453612-5DC4-4029-9596-FB2461003994}
		{4A11454E-18D3-45A8-8AD4-F41CFAE2A3E5} = {A8C31FA9-3633-446B-8BBF-ED7F74E8835F}
	EndGlobalSection
	GlobalSection(ExtensibilityGlobals) = postSolution
		SolutionGuid = {2473E5B5-CEAC-4C9C-B8AD-D62AECAB967A}
	EndGlobalSection
EndGlobal
